
Microsoft Visual Studio Solution File, Format Version 12.00
# Visual Studio Version 17
VisualStudioVersion = 17.10.34607.79
MinimumVisualStudioVersion = 10.0.40219.1
Project("{F184B08F-C81C-45F6-A57F-5ABD9991F28F}") = "NotePad++", "NotePad++\NotePad++.vbproj", "{831F7300-9F77-42C7-B1CC-9DFFFD32861A}"
EndProject
Global
	GlobalSection(SolutionConfigurationPlatforms) = preSolution
		Debug|Any CPU = Debug|Any CPU
		Release|Any CPU = Release|Any CPU
	EndGlobalSection
	GlobalSection(ProjectConfigurationPlatforms) = postSolution
		{831F7300-9F77-42C7-B1CC-9DFFFD32861A}.Debug|Any CPU.ActiveCfg = Debug|Any CPU
		{831F7300-9F77-42C7-B1CC-9DFFFD32861A}.Debug|Any CPU.Build.0 = Debug|Any CPU
		{831F7300-9F77-42C7-B1CC-9DFFFD32861A}.Release|Any CPU.ActiveCfg = Release|Any CPU
		{831F7300-9F77-42C7-B1CC-9DFFFD32861A}.Release|Any CPU.Build.0 = Release|Any CPU
	EndGlobalSection
	GlobalSection(SolutionProperties) = preSolution
		HideSolutionNode = FALSE
	EndGlobalSection
	GlobalSection(ExtensibilityGlobals) = postSolution
		SolutionGuid = {7C71751A-EAC3-4B4E-B019-93D84299A0B9}
	EndGlobalSection
EndGlobal
